
Microsoft Visual Studio Solution File, Format Version 12.00
# Visual Studio 15
VisualStudioVersion = 15.0.28010.2041
MinimumVisualStudioVersion = 10.0.40219.1
Project("{9A19103F-16F7-4668-BE54-9A1E7A4F7556}") = "Gun.AspNet.Core", "src\Gun.AspNet.Core\Gun.AspNet.Core.csproj", "{9E1D55D5-5F36-41A6-BB58-AF70A8C6EB05}"
EndProject
Project("{9A19103F-16F7-4668-BE54-9A1E7A4F7556}") = "WebApp", "samples\WebApp\WebApp.csproj", "{A70B00E2-5DE0-4176-99D6-9974C3322DE6}"
EndProject
Project("{2150E333-8FDC-42A3-9474-1A3956D46DE8}") = "Samples", "Samples", "{AB7C6149-2C65-437B-AEA2-7102C8A17372}"
EndProject
Project("{2150E333-8FDC-42A3-9474-1A3956D46DE8}") = "Src", "Src", "{B58C8629-E3DD-4770-9421-C2D3ED3FA839}"
EndProject
Project("{2150E333-8FDC-42A3-9474-1A3956D46DE8}") = "Tests", "Tests", "{D3ECCB54-6FC7-4C48-B84D-65BE4B61A21D}"
EndProject
Project("{FAE04EC0-301F-11D3-BF4B-00C04F79EFBC}") = "Gun.Core.Tests", "tests\Gun.Core.Tests\Gun.Core.Tests.csproj", "{72C227EB-AF78-496F-ACDA-05FA8DCA8F7D}"
EndProject
Project("{9A19103F-16F7-4668-BE54-9A1E7A4F7556}") = "Gun.Core", "src\Gun.Core\Gun.Core.csproj", "{9AFA41A3-1A2C-4989-BBD9-BFB04916C7FF}"
EndProject
Global
	GlobalSection(SolutionConfigurationPlatforms) = preSolution
		Debug|Any CPU = Debug|Any CPU
		Release|Any CPU = Release|Any CPU
	EndGlobalSection
	GlobalSection(ProjectConfigurationPlatforms) = postSolution
		{9E1D55D5-5F36-41A6-BB58-AF70A8C6EB05}.Debug|Any CPU.ActiveCfg = Debug|Any CPU
		{9E1D55D5-5F36-41A6-BB58-AF70A8C6EB05}.Debug|Any CPU.Build.0 = Debug|Any CPU
		{9E1D55D5-5F36-41A6-BB58-AF70A8C6EB05}.Release|Any CPU.ActiveCfg = Release|Any CPU
		{9E1D55D5-5F36-41A6-BB58-AF70A8C6EB05}.Release|Any CPU.Build.0 = Release|Any CPU
		{A70B00E2-5DE0-4176-99D6-9974C3322DE6}.Debug|Any CPU.ActiveCfg = Debug|Any CPU
		{A70B00E2-5DE0-4176-99D6-9974C3322DE6}.Debug|Any CPU.Build.0 = Debug|Any CPU
		{A70B00E2-5DE0-4176-99D6-9974C3322DE6}.Release|Any CPU.ActiveCfg = Release|Any CPU
		{A70B00E2-5DE0-4176-99D6-9974C3322DE6}.Release|Any CPU.Build.0 = Release|Any CPU
		{72C227EB-AF78-496F-ACDA-05FA8DCA8F7D}.Debug|Any CPU.ActiveCfg = Debug|Any CPU
		{72C227EB-AF78-496F-ACDA-05FA8DCA8F7D}.Debug|Any CPU.Build.0 = Debug|Any CPU
		{72C227EB-AF78-496F-ACDA-05FA8DCA8F7D}.Release|Any CPU.ActiveCfg = Release|Any CPU
		{72C227EB-AF78-496F-ACDA-05FA8DCA8F7D}.Release|Any CPU.Build.0 = Release|Any CPU
		{9AFA41A3-1A2C-4989-BBD9-BFB04916C7FF}.Debug|Any CPU.ActiveCfg = Debug|Any CPU
		{9AFA41A3-1A2C-4989-BBD9-BFB04916C7FF}.Debug|Any CPU.Build.0 = Debug|Any CPU
		{9AFA41A3-1A2C-4989-BBD9-BFB04916C7FF}.Release|Any CPU.ActiveCfg = Release|Any CPU
		{9AFA41A3-1A2C-4989-BBD9-BFB04916C7FF}.Release|Any CPU.Build.0 = Release|Any CPU
	EndGlobalSection
	GlobalSection(SolutionProperties) = preSolution
		HideSolutionNode = FALSE
	EndGlobalSection
	GlobalSection(NestedProjects) = preSolution
		{9E1D55D5-5F36-41A6-BB58-AF70A8C6EB05} = {B58C8629-E3DD-4770-9421-C2D3ED3FA839}
		{A70B00E2-5DE0-4176-99D6-9974C3322DE6} = {AB7C6149-2C65-437B-AEA2-7102C8A17372}
		{72C227EB-AF78-496F-ACDA-05FA8DCA8F7D} = {D3ECCB54-6FC7-4C48-B84D-65BE4B61A21D}
		{9AFA41A3-1A2C-4989-BBD9-BFB04916C7FF} = {B58C8629-E3DD-4770-9421-C2D3ED3FA839}
	EndGlobalSection
	GlobalSection(ExtensibilityGlobals) = postSolution
		SolutionGuid = {2BABD676-EE01-4472-A3CF-7ECC13912180}
	EndGlobalSection
EndGlobal
